
Microsoft Visual Studio Solution File, Format Version 12.00
# Visual Studio Version 16
VisualStudioVersion = 16.0.29324.140
MinimumVisualStudioVersion = 10.0.40219.1
Project("{FAE04EC0-301F-11D3-BF4B-00C04F79EFBC}") = "room area calculator (subroutine practice)", "room area calculator (subroutine practice)\room area calculator (subroutine practice).csproj", "{4E4EB4B6-1536-4CC5-A7F7-AE82793683DB}"
EndProject
Global
	GlobalSection(SolutionConfigurationPlatforms) = preSolution
		Debug|Any CPU = Debug|Any CPU
		Release|Any CPU = Release|Any CPU
	EndGlobalSection
	GlobalSection(ProjectConfigurationPlatforms) = postSolution
		{4E4EB4B6-1536-4CC5-A7F7-AE82793683DB}.Debug|Any CPU.ActiveCfg = Debug|Any CPU
		{4E4EB4B6-1536-4CC5-A7F7-AE82793683DB}.Debug|Any CPU.Build.0 = Debug|Any CPU
		{4E4EB4B6-1536-4CC5-A7F7-AE82793683DB}.Release|Any CPU.ActiveCfg = Release|Any CPU
		{4E4EB4B6-1536-4CC5-A7F7-AE82793683DB}.Release|Any CPU.Build.0 = Release|Any CPU
	EndGlobalSection
	GlobalSection(SolutionProperties) = preSolution
		HideSolutionNode = FALSE
	EndGlobalSection
	GlobalSection(ExtensibilityGlobals) = postSolution
		SolutionGuid = {665A9D74-D49B-4AAD-BF39-B5345A6BE885}
	EndGlobalSection
EndGlobal
